
Microsoft Visual Studio Solution File, Format Version 12.00
# Visual Studio Express 2012 for Windows Desktop
Project("{FAE04EC0-301F-11D3-BF4B-00C04F79EFBC}") = "SharpSSH", "..\..\..\Downloads\SharpSSH-1.1.1.13.src\SharpSSH\SharpSSH.csproj", "{D27CF69D-4681-492A-BE4D-D3D209104423}"
EndProject
Project("{FAE04EC0-301F-11D3-BF4B-00C04F79EFBC}") = "Minion", "Minion\Minion.csproj", "{B870C7DF-CF5E-4F7A-B418-501B8635AE0F}"
EndProject
Global
	GlobalSection(SolutionConfigurationPlatforms) = preSolution
		Debug|Any CPU = Debug|Any CPU
		Release|Any CPU = Release|Any CPU
	EndGlobalSection
	GlobalSection(ProjectConfigurationPlatforms) = postSolution
		{D27CF69D-4681-492A-BE4D-D3D209104423}.Debug|Any CPU.ActiveCfg = Debug|Any CPU
		{D27CF69D-4681-492A-BE4D-D3D209104423}.Debug|Any CPU.Build.0 = Debug|Any CPU
		{D27CF69D-4681-492A-BE4D-D3D209104423}.Release|Any CPU.ActiveCfg = Release|Any CPU
		{D27CF69D-4681-492A-BE4D-D3D209104423}.Release|Any CPU.Build.0 = Release|Any CPU
		{B870C7DF-CF5E-4F7A-B418-501B8635AE0F}.Debug|Any CPU.ActiveCfg = Debug|Any CPU
		{B870C7DF-CF5E-4F7A-B418-501B8635AE0F}.Debug|Any CPU.Build.0 = Debug|Any CPU
		{B870C7DF-CF5E-4F7A-B418-501B8635AE0F}.Release|Any CPU.ActiveCfg = Release|Any CPU
		{B870C7DF-CF5E-4F7A-B418-501B8635AE0F}.Release|Any CPU.Build.0 = Release|Any CPU
	EndGlobalSection
	GlobalSection(SolutionProperties) = preSolution
		HideSolutionNode = FALSE
	EndGlobalSection
EndGlobal
